
Microsoft Visual Studio Solution File, Format Version 12.00
# Visual Studio 15
VisualStudioVersion = 15.0.27130.2027
MinimumVisualStudioVersion = 10.0.40219.1
Project("{2150E333-8FDC-42A3-9474-1A3956D46DE8}") = "Solution Items", "Solution Items", "{A183AD18-B1EC-4C39-B3A8-4969B0D5B084}"
EndProject
Project("{FAE04EC0-301F-11D3-BF4B-00C04F79EFBC}") = "CustomCar", "CustomCar\CustomCar.csproj", "{7EE4C9FC-1060-486E-86E4-5FB8FEF570FF}"
EndProject
Global
	GlobalSection(SolutionConfigurationPlatforms) = preSolution
		Debug|Any CPU = Debug|Any CPU
		Release|Any CPU = Release|Any CPU
	EndGlobalSection
	GlobalSection(ProjectConfigurationPlatforms) = postSolution
		{7EE4C9FC-1060-486E-86E4-5FB8FEF570FF}.Debug|Any CPU.ActiveCfg = Debug|Any CPU
		{7EE4C9FC-1060-486E-86E4-5FB8FEF570FF}.Debug|Any CPU.Build.0 = Debug|Any CPU
		{7EE4C9FC-1060-486E-86E4-5FB8FEF570FF}.Release|Any CPU.ActiveCfg = Release|Any CPU
		{7EE4C9FC-1060-486E-86E4-5FB8FEF570FF}.Release|Any CPU.Build.0 = Release|Any CPU
	EndGlobalSection
	GlobalSection(SolutionProperties) = preSolution
		HideSolutionNode = FALSE
	EndGlobalSection
	GlobalSection(ExtensibilityGlobals) = postSolution
		SolutionGuid = {C6E18618-C4EC-4611-9B8F-E58D77F5F447}
	EndGlobalSection
EndGlobal
